// !$*UTF8*$!
{
	archiveVersion = 1;
	classes = {
	};
	objectVersion = 55;
	objects = {

/* Begin PBXBuildFile section */
		3816A6E929A72EAF00A56BE7 /* AppDelegate.swift in Sources */ = {isa = PBXBuildFile; fileRef = 3816A6E829A72EAF00A56BE7 /* AppDelegate.swift */; };
		3816A6EB29A72EAF00A56BE7 /* SceneDelegate.swift in Sources */ = {isa = PBXBuildFile; fileRef = 3816A6EA29A72EAF00A56BE7 /* SceneDelegate.swift */; };
		3816A6ED29A72EAF00A56BE7 /* ViewController.swift in Sources */ = {isa = PBXBuildFile; fileRef = 3816A6EC29A72EAF00A56BE7 /* ViewController.swift */; };
		3816A6F229A72EB000A56BE7 /* Assets.xcassets in Resources */ = {isa = PBXBuildFile; fileRef = 3816A6F129A72EB000A56BE7 /* Assets.xcassets */; };
		3816A6F529A72EB000A56BE7 /* LaunchScreen.storyboard in Resources */ = {isa = PBXBuildFile; fileRef = 3816A6F329A72EB000A56BE7 /* LaunchScreen.storyboard */; };
		3816A6FE29A736F500A56BE7 /* WeatherModel.swift in Sources */ = {isa = PBXBuildFile; fileRef = 3816A6FD29A736F500A56BE7 /* WeatherModel.swift */; };
		3816A70029A73BEB00A56BE7 /* NetworkServiceProtocol.swift in Sources */ = {isa = PBXBuildFile; fileRef = 3816A6FF29A73BEB00A56BE7 /* NetworkServiceProtocol.swift */; };
		3816A70329A73CF200A56BE7 /* NetworkService.swift in Sources */ = {isa = PBXBuildFile; fileRef = 3816A70229A73CF200A56BE7 /* NetworkService.swift */; };
		3816A70529A74A3A00A56BE7 /* ForecastModel.swift in Sources */ = {isa = PBXBuildFile; fileRef = 3816A70429A74A3A00A56BE7 /* ForecastModel.swift */; };
		38D887CF29A761CC00E030BA /* ViewController.xib in Resources */ = {isa = PBXBuildFile; fileRef = 38D887CE29A761CC00E030BA /* ViewController.xib */; };
		38D887D129A7790B00E030BA /* ViewController+Extansion.swift in Sources */ = {isa = PBXBuildFile; fileRef = 38D887D029A7790B00E030BA /* ViewController+Extansion.swift */; };
/* End PBXBuildFile section */

/* Begin PBXFileReference section */
		3816A6E529A72EAF00A56BE7 /* WeatherApp.app */ = {isa = PBXFileReference; explicitFileType = wrapper.application; includeInIndex = 0; path = WeatherApp.app; sourceTree = BUILT_PRODUCTS_DIR; };
		3816A6E829A72EAF00A56BE7 /* AppDelegate.swift */ = {isa = PBXFileReference; lastKnownFileType = sourcecode.swift; path = AppDelegate.swift; sourceTree = "<group>"; };
		3816A6EA29A72EAF00A56BE7 /* SceneDelegate.swift */ = {isa = PBXFileReference; lastKnownFileType = sourcecode.swift; path = SceneDelegate.swift; sourceTree = "<group>"; };
		3816A6EC29A72EAF00A56BE7 /* ViewController.swift */ = {isa = PBXFileReference; lastKnownFileType = sourcecode.swift; path = ViewController.swift; sourceTree = "<group>"; };
		3816A6F129A72EB000A56BE7 /* Assets.xcassets */ = {isa = PBXFileReference; lastKnownFileType = folder.assetcatalog; path = Assets.xcassets; sourceTree = "<group>"; };
		3816A6F429A72EB000A56BE7 /* Base */ = {isa = PBXFileReference; lastKnownFileType = file.storyboard; name = Base; path = Base.lproj/LaunchScreen.storyboard; sourceTree = "<group>"; };
		3816A6F629A72EB000A56BE7 /* Info.plist */ = {isa = PBXFileReference; lastKnownFileType = text.plist.xml; path = Info.plist; sourceTree = "<group>"; };
		3816A6FD29A736F500A56BE7 /* WeatherModel.swift */ = {isa = PBXFileReference; lastKnownFileType = sourcecode.swift; path = WeatherModel.swift; sourceTree = "<group>"; };
		3816A6FF29A73BEB00A56BE7 /* NetworkServiceProtocol.swift */ = {isa = PBXFileReference; lastKnownFileType = sourcecode.swift; path = NetworkServiceProtocol.swift; sourceTree = "<group>"; };
		3816A70229A73CF200A56BE7 /* NetworkService.swift */ = {isa = PBXFileReference; lastKnownFileType = sourcecode.swift; path = NetworkService.swift; sourceTree = "<group>"; };
		3816A70429A74A3A00A56BE7 /* ForecastModel.swift */ = {isa = PBXFileReference; lastKnownFileType = sourcecode.swift; path = ForecastModel.swift; sourceTree = "<group>"; };
		38D887CE29A761CC00E030BA /* ViewController.xib */ = {isa = PBXFileReference; lastKnownFileType = file.xib; path = ViewController.xib; sourceTree = "<group>"; };
		38D887D029A7790B00E030BA /* ViewController+Extansion.swift */ = {isa = PBXFileReference; lastKnownFileType = sourcecode.swift; path = "ViewController+Extansion.swift"; sourceTree = "<group>"; };
/* End PBXFileReference section */

/* Begin PBXFrameworksBuildPhase section */
		3816A6E229A72EAF00A56BE7 /* Frameworks */ = {
			isa = PBXFrameworksBuildPhase;
			buildActionMask = 2147483647;
			files = (
			);
			runOnlyForDeploymentPostprocessing = 0;
		};
/* End PBXFrameworksBuildPhase section */

/* Begin PBXGroup section */
		3816A6DC29A72EAF00A56BE7 = {
			isa = PBXGroup;
			children = (
				3816A6E729A72EAF00A56BE7 /* WeatherApp */,
				3816A6E629A72EAF00A56BE7 /* Products */,
			);
			sourceTree = "<group>";
		};
		3816A6E629A72EAF00A56BE7 /* Products */ = {
			isa = PBXGroup;
			children = (
				3816A6E529A72EAF00A56BE7 /* WeatherApp.app */,
			);
			name = Products;
			sourceTree = "<group>";
		};
		3816A6E729A72EAF00A56BE7 /* WeatherApp */ = {
			isa = PBXGroup;
			children = (
				3816A70729A7539800A56BE7 /* Resources */,
				3816A70629A7536E00A56BE7 /* Application */,
				3816A70129A73BF100A56BE7 /* Model */,
				3816A6FC29A736D600A56BE7 /* Network */,
				3816A6EC29A72EAF00A56BE7 /* ViewController.swift */,
				38D887D029A7790B00E030BA /* ViewController+Extansion.swift */,
				38D887CE29A761CC00E030BA /* ViewController.xib */,
				3816A6F629A72EB000A56BE7 /* Info.plist */,
			);
			path = WeatherApp;
			sourceTree = "<group>";
		};
		3816A6FC29A736D600A56BE7 /* Network */ = {
			isa = PBXGroup;
			children = (
				3816A6FF29A73BEB00A56BE7 /* NetworkServiceProtocol.swift */,
				3816A70229A73CF200A56BE7 /* NetworkService.swift */,
			);
			path = Network;
			sourceTree = "<group>";
		};
		3816A70129A73BF100A56BE7 /* Model */ = {
			isa = PBXGroup;
			children = (
				3816A6FD29A736F500A56BE7 /* WeatherModel.swift */,
				3816A70429A74A3A00A56BE7 /* ForecastModel.swift */,
			);
			path = Model;
			sourceTree = "<group>";
		};
		3816A70629A7536E00A56BE7 /* Application */ = {
			isa = PBXGroup;
			children = (
				3816A6E829A72EAF00A56BE7 /* AppDelegate.swift */,
				3816A6EA29A72EAF00A56BE7 /* SceneDelegate.swift */,
			);
			path = Application;
			sourceTree = "<group>";
		};
		3816A70729A7539800A56BE7 /* Resources */ = {
			isa = PBXGroup;
			children = (
				3816A6F329A72EB000A56BE7 /* LaunchScreen.storyboard */,
				3816A6F129A72EB000A56BE7 /* Assets.xcassets */,
			);
			path = Resources;
			sourceTree = "<group>";
		};
/* End PBXGroup section */

/* Begin PBXNativeTarget section */
		3816A6E429A72EAF00A56BE7 /* WeatherApp */ = {
			isa = PBXNativeTarget;
			buildConfigurationList = 3816A6F929A72EB000A56BE7 /* Build configuration list for PBXNativeTarget "WeatherApp" */;
			buildPhases = (
				3816A6E129A72EAF00A56BE7 /* Sources */,
				3816A6E229A72EAF00A56BE7 /* Frameworks */,
				3816A6E329A72EAF00A56BE7 /* Resources */,
			);
			buildRules = (
			);
			dependencies = (
			);
			name = WeatherApp;
			productName = WeatherApp;
			productReference = 3816A6E529A72EAF00A56BE7 /* WeatherApp.app */;
			productType = "com.apple.product-type.application";
		};
/* End PBXNativeTarget section */

/* Begin PBXProject section */
		3816A6DD29A72EAF00A56BE7 /* Project object */ = {
			isa = PBXProject;
			attributes = {
				BuildIndependentTargetsInParallel = 1;
				LastSwiftUpdateCheck = 1340;
				LastUpgradeCheck = 1340;
				TargetAttributes = {
					3816A6E429A72EAF00A56BE7 = {
						CreatedOnToolsVersion = 13.4.1;
					};
				};
			};
			buildConfigurationList = 3816A6E029A72EAF00A56BE7 /* Build configuration list for PBXProject "WeatherApp" */;
			compatibilityVersion = "Xcode 13.0";
			developmentRegion = en;
			hasScannedForEncodings = 0;
			knownRegions = (
				en,
				Base,
			);
			mainGroup = 3816A6DC29A72EAF00A56BE7;
			productRefGroup = 3816A6E629A72EAF00A56BE7 /* Products */;
			projectDirPath = "";
			projectRoot = "";
			targets = (
				3816A6E429A72EAF00A56BE7 /* WeatherApp */,
			);
		};
/* End PBXProject section */

/* Begin PBXResourcesBuildPhase section */
		3816A6E329A72EAF00A56BE7 /* Resources */ = {
			isa = PBXResourcesBuildPhase;
			buildActionMask = 2147483647;
			files = (
				3816A6F529A72EB000A56BE7 /* LaunchScreen.storyboard in Resources */,
				38D887CF29A761CC00E030BA /* ViewController.xib in Resources */,
				3816A6F229A72EB000A56BE7 /* Assets.xcassets in Resources */,
			);
			runOnlyForDeploymentPostprocessing = 0;
		};
/* End PBXResourcesBuildPhase section */

/* Begin PBXSourcesBuildPhase section */
		3816A6E129A72EAF00A56BE7 /* Sources */ = {
			isa = PBXSourcesBuildPhase;
			buildActionMask = 2147483647;
			files = (
				3816A6ED29A72EAF00A56BE7 /* ViewController.swift in Sources */,
				3816A6E929A72EAF00A56BE7 /* AppDelegate.swift in Sources */,
				3816A6FE29A736F500A56BE7 /* WeatherModel.swift in Sources */,
				3816A6EB29A72EAF00A56BE7 /* SceneDelegate.swift in Sources */,
				38D887D129A7790B00E030BA /* ViewController+Extansion.swift in Sources */,
				3816A70329A73CF200A56BE7 /* NetworkService.swift in Sources */,
				3816A70029A73BEB00A56BE7 /* NetworkServiceProtocol.swift in Sources */,
				3816A70529A74A3A00A56BE7 /* ForecastModel.swift in Sources */,
			);
			runOnlyForDeploymentPostprocessing = 0;
		};
/* End PBXSourcesBuildPhase section */

/* Begin PBXVariantGroup section */
		3816A6F329A72EB000A56BE7 /* LaunchScreen.storyboard */ = {
			isa = PBXVariantGroup;
			children = (
				3816A6F429A72EB000A56BE7 /* Base */,
			);
			name = LaunchScreen.storyboard;
			sourceTree = "<group>";
		};
/* End PBXVariantGroup section */

/* Begin XCBuildConfiguration section */
		3816A6F729A72EB000A56BE7 /* Debug */ = {
			isa = XCBuildConfiguration;
			buildSettings = {
				ALWAYS_SEARCH_USER_PATHS = NO;
				CLANG_ANALYZER_NONNULL = YES;
				CLANG_ANALYZER_NUMBER_OBJECT_CONVERSION = YES_AGGRESSIVE;
				CLANG_CXX_LANGUAGE_STANDARD = "gnu++17";
				CLANG_ENABLE_MODULES = YES;
				CLANG_ENABLE_OBJC_ARC = YES;
				CLANG_ENABLE_OBJC_WEAK = YES;
				CLANG_WARN_BLOCK_CAPTURE_AUTORELEASING = YES;
				CLANG_WARN_BOOL_CONVERSION = YES;
				CLANG_WARN_COMMA = YES;
				CLANG_WARN_CONSTANT_CONVERSION = YES;
				CLANG_WARN_DEPRECATED_OBJC_IMPLEMENTATIONS = YES;
				CLANG_WARN_DIRECT_OBJC_ISA_USAGE = YES_ERROR;
				CLANG_WARN_DOCUMENTATION_COMMENTS = YES;
				CLANG_WARN_EMPTY_BODY = YES;
				CLANG_WARN_ENUM_CONVERSION = YES;
				CLANG_WARN_INFINITE_RECURSION = YES;
				CLANG_WARN_INT_CONVERSION = YES;
				CLANG_WARN_NON_LITERAL_NULL_CONVERSION = YES;
				CLANG_WARN_OBJC_IMPLICIT_RETAIN_SELF = YES;
				CLANG_WARN_OBJC_LITERAL_CONVERSION = YES;
				CLANG_WARN_OBJC_ROOT_CLASS = YES_ERROR;
				CLANG_WARN_QUOTED_INCLUDE_IN_FRAMEWORK_HEADER = YES;
				CLANG_WARN_RANGE_LOOP_ANALYSIS = YES;
				CLANG_WARN_STRICT_PROTOTYPES = YES;
				CLANG_WARN_SUSPICIOUS_MOVE = YES;
				CLANG_WARN_UNGUARDED_AVAILABILITY = YES_AGGRESSIVE;
				CLANG_WARN_UNREACHABLE_CODE = YES;
				CLANG_WARN__DUPLICATE_METHOD_MATCH = YES;
				COPY_PHASE_STRIP = NO;
				DEBUG_INFORMATION_FORMAT = dwarf;
				ENABLE_STRICT_OBJC_MSGSEND = YES;
				ENABLE_TESTABILITY = YES;
				GCC_C_LANGUAGE_STANDARD = gnu11;
				GCC_DYNAMIC_NO_PIC = NO;
				GCC_NO_COMMON_BLOCKS = YES;
				GCC_OPTIMIZATION_LEVEL = 0;
				GCC_PREPROCESSOR_DEFINITIONS = (
					"DEBUG=1",
					"$(inherited)",
				);
				GCC_WARN_64_TO_32_BIT_CONVERSION = YES;
				GCC_WARN_ABOUT_RETURN_TYPE = YES_ERROR;
				GCC_WARN_UNDECLARED_SELECTOR = YES;
				GCC_WARN_UNINITIALIZED_AUTOS = YES_AGGRESSIVE;
				GCC_WARN_UNUSED_FUNCTION = YES;
				GCC_WARN_UNUSED_VARIABLE = YES;
				IPHONEOS_DEPLOYMENT_TARGET = 15.5;
				MTL_ENABLE_DEBUG_INFO = INCLUDE_SOURCE;
				MTL_FAST_MATH = YES;
				ONLY_ACTIVE_ARCH = YES;
				SDKROOT = iphoneos;
				SWIFT_ACTIVE_COMPILATION_CONDITIONS = DEBUG;
				SWIFT_OPTIMIZATION_LEVEL = "-Onone";
			};
			name = Debug;
		};
		3816A6F829A72EB000A56BE7 /* Release */ = {
			isa = XCBuildConfiguration;
			buildSettings = {
				ALWAYS_SEARCH_USER_PATHS = NO;
				CLANG_ANALYZER_NONNULL = YES;
				CLANG_ANALYZER_NUMBER_OBJECT_CONVERSION = YES_AGGRESSIVE;
				CLANG_CXX_LANGUAGE_STANDARD = "gnu++17";
				CLANG_ENABLE_MODULES = YES;
				CLANG_ENABLE_OBJC_ARC = YES;
				CLANG_ENABLE_OBJC_WEAK = YES;
				CLANG_WARN_BLOCK_CAPTURE_AUTORELEASING = YES;
				CLANG_WARN_BOOL_CONVERSION = YES;
				CLANG_WARN_COMMA = YES;
				CLANG_WARN_CONSTANT_CONVERSION = YES;
				CLANG_WARN_DEPRECATED_OBJC_IMPLEMENTATIONS = YES;
				CLANG_WARN_DIRECT_OBJC_ISA_USAGE = YES_ERROR;
				CLANG_WARN_DOCUMENTATION_COMMENTS = YES;
				CLANG_WARN_EMPTY_BODY = YES;
				CLANG_WARN_ENUM_CONVERSION = YES;
				CLANG_WARN_INFINITE_RECURSION = YES;
				CLANG_WARN_INT_CONVERSION = YES;
				CLANG_WARN_NON_LITERAL_NULL_CONVERSION = YES;
				CLANG_WARN_OBJC_IMPLICIT_RETAIN_SELF = YES;
				CLANG_WARN_OBJC_LITERAL_CONVERSION = YES;
				CLANG_WARN_OBJC_ROOT_CLASS = YES_ERROR;
				CLANG_WARN_QUOTED_INCLUDE_IN_FRAMEWORK_HEADER = YES;
				CLANG_WARN_RANGE_LOOP_ANALYSIS = YES;
				CLANG_WARN_STRICT_PROTOTYPES = YES;
				CLANG_WARN_SUSPICIOUS_MOVE = YES;
				CLANG_WARN_UNGUARDED_AVAILABILITY = YES_AGGRESSIVE;
				CLANG_WARN_UNREACHABLE_CODE = YES;
				CLANG_WARN__DUPLICATE_METHOD_MATCH = YES;
				COPY_PHASE_STRIP = NO;
				DEBUG_INFORMATION_FORMAT = "dwarf-with-dsym";
				ENABLE_NS_ASSERTIONS = NO;
				ENABLE_STRICT_OBJC_MSGSEND = YES;
				GCC_C_LANGUAGE_STANDARD = gnu11;
				GCC_NO_COMMON_BLOCKS = YES;
				GCC_WARN_64_TO_32_BIT_CONVERSION = YES;
				GCC_WARN_ABOUT_RETURN_TYPE = YES_ERROR;
				GCC_WARN_UNDECLARED_SELECTOR = YES;
				GCC_WARN_UNINITIALIZED_AUTOS = YES_AGGRESSIVE;
				GCC_WARN_UNUSED_FUNCTION = YES;
				GCC_WARN_UNUSED_VARIABLE = YES;
				IPHONEOS_DEPLOYMENT_TARGET = 15.5;
				MTL_ENABLE_DEBUG_INFO = NO;
				MTL_FAST_MATH = YES;
				SDKROOT = iphoneos;
				SWIFT_COMPILATION_MODE = wholemodule;
				SWIFT_OPTIMIZATION_LEVEL = "-O";
				VALIDATE_PRODUCT = YES;
			};
			name = Release;
		};
		3816A6FA29A72EB000A56BE7 /* Debug */ = {
			isa = XCBuildConfiguration;
			buildSettings = {
				ASSETCATALOG_COMPILER_APPICON_NAME = AppIcon;
				ASSETCATALOG_COMPILER_GLOBAL_ACCENT_COLOR_NAME = AccentColor;
				CODE_SIGN_STYLE = Automatic;
				CURRENT_PROJECT_VERSION = 1;
				DEVELOPMENT_TEAM = 72QGZY8394;
				GENERATE_INFOPLIST_FILE = YES;
				INFOPLIST_FILE = WeatherApp/Info.plist;
				INFOPLIST_KEY_UIApplicationSupportsIndirectInputEvents = YES;
				INFOPLIST_KEY_UILaunchStoryboardName = LaunchScreen;
				INFOPLIST_KEY_UISupportedInterfaceOrientations_iPad = "UIInterfaceOrientationPortrait UIInterfaceOrientationPortraitUpsideDown UIInterfaceOrientationLandscapeLeft UIInterfaceOrientationLandscapeRight";
				INFOPLIST_KEY_UISupportedInterfaceOrientations_iPhone = "UIInterfaceOrientationPortrait UIInterfaceOrientationLandscapeLeft UIInterfaceOrientationLandscapeRight";
				LD_RUNPATH_SEARCH_PATHS = (
					"$(inherited)",
					"@executable_path/Frameworks",
				);
				MARKETING_VERSION = 1.0;
				PRODUCT_BUNDLE_IDENTIFIER = com.yaraslaupaulouski.WeatherApp;
				PRODUCT_NAME = "$(TARGET_NAME)";
				SWIFT_EMIT_LOC_STRINGS = YES;
				SWIFT_VERSION = 5.0;
				TARGETED_DEVICE_FAMILY = "1,2";
			};
			name = Debug;
		};
		3816A6FB29A72EB000A56BE7 /* Release */ = {
			isa = XCBuildConfiguration;
			buildSettings = {
				ASSETCATALOG_COMPILER_APPICON_NAME = AppIcon;
				ASSETCATALOG_COMPILER_GLOBAL_ACCENT_COLOR_NAME = AccentColor;
				CODE_SIGN_STYLE = Automatic;
				CURRENT_PROJECT_VERSION = 1;
				DEVELOPMENT_TEAM = 72QGZY8394;
				GENERATE_INFOPLIST_FILE = YES;
				INFOPLIST_FILE = WeatherApp/Info.plist;
				INFOPLIST_KEY_UIApplicationSupportsIndirectInputEvents = YES;
				INFOPLIST_KEY_UILaunchStoryboardName = LaunchScreen;
				INFOPLIST_KEY_UISupportedInterfaceOrientations_iPad = "UIInterfaceOrientationPortrait UIInterfaceOrientationPortraitUpsideDown UIInterfaceOrientationLandscapeLeft UIInterfaceOrientationLandscapeRight";
				INFOPLIST_KEY_UISupportedInterfaceOrientations_iPhone = "UIInterfaceOrientationPortrait UIInterfaceOrientationLandscapeLeft UIInterfaceOrientationLandscapeRight";
				LD_RUNPATH_SEARCH_PATHS = (
					"$(inherited)",
					"@executable_path/Frameworks",
				);
				MARKETING_VERSION = 1.0;
				PRODUCT_BUNDLE_IDENTIFIER = com.yaraslaupaulouski.WeatherApp;
				PRODUCT_NAME = "$(TARGET_NAME)";
				SWIFT_EMIT_LOC_STRINGS = YES;
				SWIFT_VERSION = 5.0;
				TARGETED_DEVICE_FAMILY = "1,2";
			};
			name = Release;
		};
/* End XCBuildConfiguration section */

/* Begin XCConfigurationList section */
		3816A6E029A72EAF00A56BE7 /* Build configuration list for PBXProject "WeatherApp" */ = {
			isa = XCConfigurationList;
			buildConfigurations = (
				3816A6F729A72EB000A56BE7 /* Debug */,
				3816A6F829A72EB000A56BE7 /* Release */,
			);
			defaultConfigurationIsVisible = 0;
			defaultConfigurationName = Release;
		};
		3816A6F929A72EB000A56BE7 /* Build configuration list for PBXNativeTarget "WeatherApp" */ = {
			isa = XCConfigurationList;
			buildConfigurations = (
				3816A6FA29A72EB000A56BE7 /* Debug */,
				3816A6FB29A72EB000A56BE7 /* Release */,
			);
			defaultConfigurationIsVisible = 0;
			defaultConfigurationName = Release;
		};
/* End XCConfigurationList section */
	};
	rootObject = 3816A6DD29A72EAF00A56BE7 /* Project object */;
}
